
Microsoft Visual Studio Solution File, Format Version 12.00
# Visual Studio 15
VisualStudioVersion = 15.0.27004.2010
MinimumVisualStudioVersion = 10.0.40219.1
Project("{FAE04EC0-301F-11D3-BF4B-00C04F79EFBC}") = "Monopoly Probabilities", "Monopoly Probabilities\Monopoly Probabilities.csproj", "{BBCED63F-6771-49F5-A9DC-D1B5D62FDE2E}"
EndProject
Global
	GlobalSection(SolutionConfigurationPlatforms) = preSolution
		Debug|Any CPU = Debug|Any CPU
		Release|Any CPU = Release|Any CPU
	EndGlobalSection
	GlobalSection(ProjectConfigurationPlatforms) = postSolution
		{BBCED63F-6771-49F5-A9DC-D1B5D62FDE2E}.Debug|Any CPU.ActiveCfg = Debug|Any CPU
		{BBCED63F-6771-49F5-A9DC-D1B5D62FDE2E}.Debug|Any CPU.Build.0 = Debug|Any CPU
		{BBCED63F-6771-49F5-A9DC-D1B5D62FDE2E}.Release|Any CPU.ActiveCfg = Release|Any CPU
		{BBCED63F-6771-49F5-A9DC-D1B5D62FDE2E}.Release|Any CPU.Build.0 = Release|Any CPU
	EndGlobalSection
	GlobalSection(SolutionProperties) = preSolution
		HideSolutionNode = FALSE
	EndGlobalSection
	GlobalSection(ExtensibilityGlobals) = postSolution
		SolutionGuid = {628DD540-073A-419B-891D-2C8F765C24D1}
	EndGlobalSection
EndGlobal
