
Microsoft Visual Studio Solution File, Format Version 12.00
# Visual Studio 15
VisualStudioVersion = 15.0.27004.2010
MinimumVisualStudioVersion = 10.0.40219.1
Project("{FAE04EC0-301F-11D3-BF4B-00C04F79EFBC}") = "Metric Prefixes", "Metric Prefixes\Metric Prefixes.csproj", "{574C8840-2796-4C32-988A-FE43F2F6A5F8}"
EndProject
Global
	GlobalSection(SolutionConfigurationPlatforms) = preSolution
		Debug|Any CPU = Debug|Any CPU
		Release|Any CPU = Release|Any CPU
	EndGlobalSection
	GlobalSection(ProjectConfigurationPlatforms) = postSolution
		{574C8840-2796-4C32-988A-FE43F2F6A5F8}.Debug|Any CPU.ActiveCfg = Debug|Any CPU
		{574C8840-2796-4C32-988A-FE43F2F6A5F8}.Debug|Any CPU.Build.0 = Debug|Any CPU
		{574C8840-2796-4C32-988A-FE43F2F6A5F8}.Release|Any CPU.ActiveCfg = Release|Any CPU
		{574C8840-2796-4C32-988A-FE43F2F6A5F8}.Release|Any CPU.Build.0 = Release|Any CPU
	EndGlobalSection
	GlobalSection(SolutionProperties) = preSolution
		HideSolutionNode = FALSE
	EndGlobalSection
	GlobalSection(ExtensibilityGlobals) = postSolution
		SolutionGuid = {E69F0A83-0E06-43EF-8132-22BCA5A16CB5}
	EndGlobalSection
EndGlobal
